{
  "object": {
    "pins": [
      {
        "package": "SDGCornerstone",
        "repositoryURL": "https://github.com/SDGGiesbrecht/SDGCornerstone",
        "state": {
          "branch": null,
          "revision": "0674531dc65578d95135cc05e79111b132cc3aab",
          "version": "0.16.0"
        }
      },
      {
        "package": "SDGWeb",
        "repositoryURL": "https://github.com/SDGGiesbrecht/SDGWeb",
        "state": {
          "branch": null,
          "revision": "f6446269d0a0f9b932bde4e12ff0aab380f5afab",
          "version": "0.0.3"
        }
      }
    ]
  },
  "version": 1
}
